// !$*UTF8*$!
{
	archiveVersion = 1;
	classes = {
	};
	objectVersion = 46;
	objects = {

/* Begin PBXBuildFile section */
		E25C273D1CDDF0E8003C7C87 /* ShutterButtonStop@2x.png in Resources */ = {isa = PBXBuildFile; fileRef = E25C273A1CDDF0E8003C7C87 /* ShutterButtonStop@2x.png */; };
		E25C273E1CDDF0E8003C7C87 /* ShutterButton1@2x.png in Resources */ = {isa = PBXBuildFile; fileRef = E25C273B1CDDF0E8003C7C87 /* ShutterButton1@2x.png */; };
		E25C273F1CDDF0E8003C7C87 /* outer2@2x.png in Resources */ = {isa = PBXBuildFile; fileRef = E25C273C1CDDF0E8003C7C87 /* outer2@2x.png */; };
		E288065C1CD7AE9A005E5838 /* movie.png in Resources */ = {isa = PBXBuildFile; fileRef = E288065B1CD7AE9A005E5838 /* movie.png */; };
		E288065E1CD7B168005E5838 /* select.png in Resources */ = {isa = PBXBuildFile; fileRef = E288065D1CD7B168005E5838 /* select.png */; };
		E2AC89651CD996C400B40234 /* UINib+Extension.swift in Sources */ = {isa = PBXBuildFile; fileRef = E2AC89641CD996C400B40234 /* UINib+Extension.swift */; };
		E2AC89671CD99DFE00B40234 /* TableView+Extension.swift in Sources */ = {isa = PBXBuildFile; fileRef = E2AC89661CD99DFE00B40234 /* TableView+Extension.swift */; };
		E2AC896A1CDAFA6D00B40234 /* TakeMovieViewController.swift in Sources */ = {isa = PBXBuildFile; fileRef = E2AC89691CDAFA6D00B40234 /* TakeMovieViewController.swift */; };
		E2AC896C1CDAFA9100B40234 /* TakeMovieView.swift in Sources */ = {isa = PBXBuildFile; fileRef = E2AC896B1CDAFA9100B40234 /* TakeMovieView.swift */; };
		E2AC896F1CDAFAAB00B40234 /* TakeMovieView.xib in Resources */ = {isa = PBXBuildFile; fileRef = E2AC896E1CDAFAAB00B40234 /* TakeMovieView.xib */; };
		E2AC89711CDB110200B40234 /* TakeMovieViewModel.swift in Sources */ = {isa = PBXBuildFile; fileRef = E2AC89701CDB110200B40234 /* TakeMovieViewModel.swift */; };
		E2BAB9B71CE9E1A400156708 /* CollectionMovieView.swift in Sources */ = {isa = PBXBuildFile; fileRef = E2BAB9B61CE9E1A400156708 /* CollectionMovieView.swift */; };
		E2BAB9B91CE9E1D500156708 /* CollectionMovieView.xib in Resources */ = {isa = PBXBuildFile; fileRef = E2BAB9B81CE9E1D500156708 /* CollectionMovieView.xib */; };
		E2BAB9BB1CE9E20200156708 /* CollectionMovieViewController.swift in Sources */ = {isa = PBXBuildFile; fileRef = E2BAB9BA1CE9E20200156708 /* CollectionMovieViewController.swift */; };
		E2BAB9BD1CE9EA0300156708 /* UICollectionViewFlowLayout+Extension.swift in Sources */ = {isa = PBXBuildFile; fileRef = E2BAB9BC1CE9EA0300156708 /* UICollectionViewFlowLayout+Extension.swift */; };
		E2BAB9BF1CE9EC9600156708 /* UICollectionView+Extension.swift in Sources */ = {isa = PBXBuildFile; fileRef = E2BAB9BE1CE9EC9600156708 /* UICollectionView+Extension.swift */; };
		E2BAB9C31CE9F66200156708 /* MovieCollectionViewCell.swift in Sources */ = {isa = PBXBuildFile; fileRef = E2BAB9C11CE9F66200156708 /* MovieCollectionViewCell.swift */; };
		E2BAB9C41CE9F66200156708 /* MovieCollectionViewCell.xib in Resources */ = {isa = PBXBuildFile; fileRef = E2BAB9C21CE9F66200156708 /* MovieCollectionViewCell.xib */; };
		E2CD09921CD60390009CA778 /* AppDelegate.swift in Sources */ = {isa = PBXBuildFile; fileRef = E2CD09911CD60390009CA778 /* AppDelegate.swift */; };
		E2CD09971CD60390009CA778 /* Main.storyboard in Resources */ = {isa = PBXBuildFile; fileRef = E2CD09951CD60390009CA778 /* Main.storyboard */; };
		E2CD09991CD60390009CA778 /* Assets.xcassets in Resources */ = {isa = PBXBuildFile; fileRef = E2CD09981CD60390009CA778 /* Assets.xcassets */; };
		E2CD099C1CD60390009CA778 /* LaunchScreen.storyboard in Resources */ = {isa = PBXBuildFile; fileRef = E2CD099A1CD60390009CA778 /* LaunchScreen.storyboard */; };
		E2CD09A51CD61493009CA778 /* MovieListView.xib in Resources */ = {isa = PBXBuildFile; fileRef = E2CD09A41CD61493009CA778 /* MovieListView.xib */; };
		E2CD09A71CD614A2009CA778 /* MovieListView.swift in Sources */ = {isa = PBXBuildFile; fileRef = E2CD09A61CD614A2009CA778 /* MovieListView.swift */; };
		E2CD09A91CD614B3009CA778 /* MovieListViewController.swift in Sources */ = {isa = PBXBuildFile; fileRef = E2CD09A81CD614B3009CA778 /* MovieListViewController.swift */; };
		E2CD09AE1CD616E4009CA778 /* MovieListTableViewCell.swift in Sources */ = {isa = PBXBuildFile; fileRef = E2CD09AC1CD616E4009CA778 /* MovieListTableViewCell.swift */; };
		E2CD09AF1CD616E4009CA778 /* MovieListTableViewCell.xib in Resources */ = {isa = PBXBuildFile; fileRef = E2CD09AD1CD616E4009CA778 /* MovieListTableViewCell.xib */; };
/* End PBXBuildFile section */

/* Begin PBXFileReference section */
		E25C273A1CDDF0E8003C7C87 /* ShutterButtonStop@2x.png */ = {isa = PBXFileReference; lastKnownFileType = image.png; path = "ShutterButtonStop@2x.png"; sourceTree = "<group>"; };
		E25C273B1CDDF0E8003C7C87 /* ShutterButton1@2x.png */ = {isa = PBXFileReference; lastKnownFileType = image.png; path = "ShutterButton1@2x.png"; sourceTree = "<group>"; };
		E25C273C1CDDF0E8003C7C87 /* outer2@2x.png */ = {isa = PBXFileReference; lastKnownFileType = image.png; path = "outer2@2x.png"; sourceTree = "<group>"; };
		E288065B1CD7AE9A005E5838 /* movie.png */ = {isa = PBXFileReference; lastKnownFileType = image.png; name = movie.png; path = Movitter/movie.png; sourceTree = "<group>"; };
		E288065D1CD7B168005E5838 /* select.png */ = {isa = PBXFileReference; lastKnownFileType = image.png; name = select.png; path = Movitter/select.png; sourceTree = "<group>"; };
		E2AC89641CD996C400B40234 /* UINib+Extension.swift */ = {isa = PBXFileReference; fileEncoding = 4; lastKnownFileType = sourcecode.swift; path = "UINib+Extension.swift"; sourceTree = "<group>"; };
		E2AC89661CD99DFE00B40234 /* TableView+Extension.swift */ = {isa = PBXFileReference; fileEncoding = 4; lastKnownFileType = sourcecode.swift; path = "TableView+Extension.swift"; sourceTree = "<group>"; };
		E2AC89691CDAFA6D00B40234 /* TakeMovieViewController.swift */ = {isa = PBXFileReference; fileEncoding = 4; lastKnownFileType = sourcecode.swift; path = TakeMovieViewController.swift; sourceTree = "<group>"; };
		E2AC896B1CDAFA9100B40234 /* TakeMovieView.swift */ = {isa = PBXFileReference; fileEncoding = 4; lastKnownFileType = sourcecode.swift; path = TakeMovieView.swift; sourceTree = "<group>"; };
		E2AC896E1CDAFAAB00B40234 /* TakeMovieView.xib */ = {isa = PBXFileReference; fileEncoding = 4; lastKnownFileType = file.xib; path = TakeMovieView.xib; sourceTree = "<group>"; };
		E2AC89701CDB110200B40234 /* TakeMovieViewModel.swift */ = {isa = PBXFileReference; fileEncoding = 4; lastKnownFileType = sourcecode.swift; path = TakeMovieViewModel.swift; sourceTree = "<group>"; };
		E2BAB9B61CE9E1A400156708 /* CollectionMovieView.swift */ = {isa = PBXFileReference; fileEncoding = 4; lastKnownFileType = sourcecode.swift; path = CollectionMovieView.swift; sourceTree = "<group>"; };
		E2BAB9B81CE9E1D500156708 /* CollectionMovieView.xib */ = {isa = PBXFileReference; fileEncoding = 4; lastKnownFileType = file.xib; path = CollectionMovieView.xib; sourceTree = "<group>"; };
		E2BAB9BA1CE9E20200156708 /* CollectionMovieViewController.swift */ = {isa = PBXFileReference; fileEncoding = 4; lastKnownFileType = sourcecode.swift; path = CollectionMovieViewController.swift; sourceTree = "<group>"; };
		E2BAB9BC1CE9EA0300156708 /* UICollectionViewFlowLayout+Extension.swift */ = {isa = PBXFileReference; fileEncoding = 4; lastKnownFileType = sourcecode.swift; path = "UICollectionViewFlowLayout+Extension.swift"; sourceTree = "<group>"; };
		E2BAB9BE1CE9EC9600156708 /* UICollectionView+Extension.swift */ = {isa = PBXFileReference; fileEncoding = 4; lastKnownFileType = sourcecode.swift; path = "UICollectionView+Extension.swift"; sourceTree = "<group>"; };
		E2BAB9C11CE9F66200156708 /* MovieCollectionViewCell.swift */ = {isa = PBXFileReference; fileEncoding = 4; lastKnownFileType = sourcecode.swift; path = MovieCollectionViewCell.swift; sourceTree = "<group>"; };
		E2BAB9C21CE9F66200156708 /* MovieCollectionViewCell.xib */ = {isa = PBXFileReference; fileEncoding = 4; lastKnownFileType = file.xib; path = MovieCollectionViewCell.xib; sourceTree = "<group>"; };
		E2CD098E1CD60390009CA778 /* Movitter.app */ = {isa = PBXFileReference; explicitFileType = wrapper.application; includeInIndex = 0; path = Movitter.app; sourceTree = BUILT_PRODUCTS_DIR; };
		E2CD09911CD60390009CA778 /* AppDelegate.swift */ = {isa = PBXFileReference; lastKnownFileType = sourcecode.swift; path = AppDelegate.swift; sourceTree = "<group>"; };
		E2CD09961CD60390009CA778 /* Base */ = {isa = PBXFileReference; lastKnownFileType = file.storyboard; name = Base; path = Base.lproj/Main.storyboard; sourceTree = "<group>"; };
		E2CD09981CD60390009CA778 /* Assets.xcassets */ = {isa = PBXFileReference; lastKnownFileType = folder.assetcatalog; path = Assets.xcassets; sourceTree = "<group>"; };
		E2CD099B1CD60390009CA778 /* Base */ = {isa = PBXFileReference; lastKnownFileType = file.storyboard; name = Base; path = Base.lproj/LaunchScreen.storyboard; sourceTree = "<group>"; };
		E2CD099D1CD60390009CA778 /* Info.plist */ = {isa = PBXFileReference; lastKnownFileType = text.plist.xml; path = Info.plist; sourceTree = "<group>"; };
		E2CD09A41CD61493009CA778 /* MovieListView.xib */ = {isa = PBXFileReference; fileEncoding = 4; lastKnownFileType = file.xib; path = MovieListView.xib; sourceTree = "<group>"; };
		E2CD09A61CD614A2009CA778 /* MovieListView.swift */ = {isa = PBXFileReference; fileEncoding = 4; lastKnownFileType = sourcecode.swift; path = MovieListView.swift; sourceTree = "<group>"; };
		E2CD09A81CD614B3009CA778 /* MovieListViewController.swift */ = {isa = PBXFileReference; fileEncoding = 4; lastKnownFileType = sourcecode.swift; path = MovieListViewController.swift; sourceTree = "<group>"; };
		E2CD09AC1CD616E4009CA778 /* MovieListTableViewCell.swift */ = {isa = PBXFileReference; fileEncoding = 4; lastKnownFileType = sourcecode.swift; path = MovieListTableViewCell.swift; sourceTree = "<group>"; };
		E2CD09AD1CD616E4009CA778 /* MovieListTableViewCell.xib */ = {isa = PBXFileReference; fileEncoding = 4; lastKnownFileType = file.xib; path = MovieListTableViewCell.xib; sourceTree = "<group>"; };
/* End PBXFileReference section */

/* Begin PBXFrameworksBuildPhase section */
		E2CD098B1CD60390009CA778 /* Frameworks */ = {
			isa = PBXFrameworksBuildPhase;
			buildActionMask = 2147483647;
			files = (
			);
			runOnlyForDeploymentPostprocessing = 0;
		};
/* End PBXFrameworksBuildPhase section */

/* Begin PBXGroup section */
		E25C27391CDDF0C5003C7C87 /* images */ = {
			isa = PBXGroup;
			children = (
				E288065B1CD7AE9A005E5838 /* movie.png */,
				E288065D1CD7B168005E5838 /* select.png */,
				E25C273A1CDDF0E8003C7C87 /* ShutterButtonStop@2x.png */,
				E25C273B1CDDF0E8003C7C87 /* ShutterButton1@2x.png */,
				E25C273C1CDDF0E8003C7C87 /* outer2@2x.png */,
			);
			name = images;
			sourceTree = "<group>";
		};
		E28806561CD78FAB005E5838 /* NavigationController */ = {
			isa = PBXGroup;
			children = (
			);
			name = NavigationController;
			sourceTree = "<group>";
		};
		E2AC89631CD9940C00B40234 /* Extension */ = {
			isa = PBXGroup;
			children = (
				E2AC89641CD996C400B40234 /* UINib+Extension.swift */,
				E2AC89661CD99DFE00B40234 /* TableView+Extension.swift */,
				E2BAB9BC1CE9EA0300156708 /* UICollectionViewFlowLayout+Extension.swift */,
				E2BAB9BE1CE9EC9600156708 /* UICollectionView+Extension.swift */,
			);
			name = Extension;
			sourceTree = "<group>";
		};
		E2AC89681CDAFA4900B40234 /* TakeMovie */ = {
			isa = PBXGroup;
			children = (
				E2AC896D1CDAFA9600B40234 /* TakeMovieView */,
				E2AC89691CDAFA6D00B40234 /* TakeMovieViewController.swift */,
			);
			name = TakeMovie;
			sourceTree = "<group>";
		};
		E2AC896D1CDAFA9600B40234 /* TakeMovieView */ = {
			isa = PBXGroup;
			children = (
				E2AC896B1CDAFA9100B40234 /* TakeMovieView.swift */,
				E2AC896E1CDAFAAB00B40234 /* TakeMovieView.xib */,
				E2AC89701CDB110200B40234 /* TakeMovieViewModel.swift */,
			);
			name = TakeMovieView;
			sourceTree = "<group>";
		};
		E2BAB9B41CE9E0F600156708 /* CollectionMovie */ = {
			isa = PBXGroup;
			children = (
				E2BAB9C01CE9F61B00156708 /* MovieCollectionViewCell */,
				E2BAB9B51CE9E16300156708 /* CollectionMovieView */,
			);
			name = CollectionMovie;
			sourceTree = "<group>";
		};
		E2BAB9B51CE9E16300156708 /* CollectionMovieView */ = {
			isa = PBXGroup;
			children = (
				E2BAB9B61CE9E1A400156708 /* CollectionMovieView.swift */,
				E2BAB9B81CE9E1D500156708 /* CollectionMovieView.xib */,
			);
			name = CollectionMovieView;
			sourceTree = "<group>";
		};
		E2BAB9C01CE9F61B00156708 /* MovieCollectionViewCell */ = {
			isa = PBXGroup;
			children = (
				E2BAB9C11CE9F66200156708 /* MovieCollectionViewCell.swift */,
				E2BAB9C21CE9F66200156708 /* MovieCollectionViewCell.xib */,
			);
			name = MovieCollectionViewCell;
			sourceTree = "<group>";
		};
		E2CD09851CD60390009CA778 = {
			isa = PBXGroup;
			children = (
				E2CD09901CD60390009CA778 /* Movitter */,
				E2CD098F1CD60390009CA778 /* Products */,
				E25C27391CDDF0C5003C7C87 /* images */,
			);
			sourceTree = "<group>";
		};
		E2CD098F1CD60390009CA778 /* Products */ = {
			isa = PBXGroup;
			children = (
				E2CD098E1CD60390009CA778 /* Movitter.app */,
			);
			name = Products;
			sourceTree = "<group>";
		};
		E2CD09901CD60390009CA778 /* Movitter */ = {
			isa = PBXGroup;
			children = (
				E2CD09951CD60390009CA778 /* Main.storyboard */,
				E2AC89631CD9940C00B40234 /* Extension */,
				E28806561CD78FAB005E5838 /* NavigationController */,
				E2CD09A31CD6147D009CA778 /* MovieList */,
				E2AC89681CDAFA4900B40234 /* TakeMovie */,
				E2BAB9B41CE9E0F600156708 /* CollectionMovie */,
				E2BAB9BA1CE9E20200156708 /* CollectionMovieViewController.swift */,
				E2CD09911CD60390009CA778 /* AppDelegate.swift */,
				E2CD09981CD60390009CA778 /* Assets.xcassets */,
				E2CD099A1CD60390009CA778 /* LaunchScreen.storyboard */,
				E2CD099D1CD60390009CA778 /* Info.plist */,
			);
			path = Movitter;
			sourceTree = "<group>";
		};
		E2CD09A31CD6147D009CA778 /* MovieList */ = {
			isa = PBXGroup;
			children = (
				E2CD09AB1CD616A3009CA778 /* MovieListTableViewCell */,
				E2CD09AA1CD61693009CA778 /* MovieListVIew */,
				E2CD09A81CD614B3009CA778 /* MovieListViewController.swift */,
			);
			name = MovieList;
			sourceTree = "<group>";
		};
		E2CD09AA1CD61693009CA778 /* MovieListVIew */ = {
			isa = PBXGroup;
			children = (
				E2CD09A41CD61493009CA778 /* MovieListView.xib */,
				E2CD09A61CD614A2009CA778 /* MovieListView.swift */,
			);
			name = MovieListVIew;
			sourceTree = "<group>";
		};
		E2CD09AB1CD616A3009CA778 /* MovieListTableViewCell */ = {
			isa = PBXGroup;
			children = (
				E2CD09AC1CD616E4009CA778 /* MovieListTableViewCell.swift */,
				E2CD09AD1CD616E4009CA778 /* MovieListTableViewCell.xib */,
			);
			name = MovieListTableViewCell;
			sourceTree = "<group>";
		};
/* End PBXGroup section */

/* Begin PBXNativeTarget section */
		E2CD098D1CD60390009CA778 /* Movitter */ = {
			isa = PBXNativeTarget;
			buildConfigurationList = E2CD09A01CD60390009CA778 /* Build configuration list for PBXNativeTarget "Movitter" */;
			buildPhases = (
				E2CD098A1CD60390009CA778 /* Sources */,
				E2CD098B1CD60390009CA778 /* Frameworks */,
				E2CD098C1CD60390009CA778 /* Resources */,
			);
			buildRules = (
			);
			dependencies = (
			);
			name = Movitter;
			productName = Movitter;
			productReference = E2CD098E1CD60390009CA778 /* Movitter.app */;
			productType = "com.apple.product-type.application";
		};
/* End PBXNativeTarget section */

/* Begin PBXProject section */
		E2CD09861CD60390009CA778 /* Project object */ = {
			isa = PBXProject;
			attributes = {
				LastSwiftUpdateCheck = 0730;
				LastUpgradeCheck = 0730;
				ORGANIZATIONNAME = "Kyohei Seo";
				TargetAttributes = {
					E2CD098D1CD60390009CA778 = {
						CreatedOnToolsVersion = 7.3;
						DevelopmentTeam = H4BBWF3E5R;
					};
				};
			};
			buildConfigurationList = E2CD09891CD60390009CA778 /* Build configuration list for PBXProject "Movitter" */;
			compatibilityVersion = "Xcode 3.2";
			developmentRegion = English;
			hasScannedForEncodings = 0;
			knownRegions = (
				en,
				Base,
			);
			mainGroup = E2CD09851CD60390009CA778;
			productRefGroup = E2CD098F1CD60390009CA778 /* Products */;
			projectDirPath = "";
			projectRoot = "";
			targets = (
				E2CD098D1CD60390009CA778 /* Movitter */,
			);
		};
/* End PBXProject section */

/* Begin PBXResourcesBuildPhase section */
		E2CD098C1CD60390009CA778 /* Resources */ = {
			isa = PBXResourcesBuildPhase;
			buildActionMask = 2147483647;
			files = (
				E2CD09AF1CD616E4009CA778 /* MovieListTableViewCell.xib in Resources */,
				E2CD099C1CD60390009CA778 /* LaunchScreen.storyboard in Resources */,
				E2AC896F1CDAFAAB00B40234 /* TakeMovieView.xib in Resources */,
				E288065C1CD7AE9A005E5838 /* movie.png in Resources */,
				E288065E1CD7B168005E5838 /* select.png in Resources */,
				E2BAB9C41CE9F66200156708 /* MovieCollectionViewCell.xib in Resources */,
				E25C273D1CDDF0E8003C7C87 /* ShutterButtonStop@2x.png in Resources */,
				E2CD09A51CD61493009CA778 /* MovieListView.xib in Resources */,
				E2BAB9B91CE9E1D500156708 /* CollectionMovieView.xib in Resources */,
				E25C273F1CDDF0E8003C7C87 /* outer2@2x.png in Resources */,
				E2CD09991CD60390009CA778 /* Assets.xcassets in Resources */,
				E25C273E1CDDF0E8003C7C87 /* ShutterButton1@2x.png in Resources */,
				E2CD09971CD60390009CA778 /* Main.storyboard in Resources */,
			);
			runOnlyForDeploymentPostprocessing = 0;
		};
/* End PBXResourcesBuildPhase section */

/* Begin PBXSourcesBuildPhase section */
		E2CD098A1CD60390009CA778 /* Sources */ = {
			isa = PBXSourcesBuildPhase;
			buildActionMask = 2147483647;
			files = (
				E2AC896A1CDAFA6D00B40234 /* TakeMovieViewController.swift in Sources */,
				E2CD09A91CD614B3009CA778 /* MovieListViewController.swift in Sources */,
				E2AC89671CD99DFE00B40234 /* TableView+Extension.swift in Sources */,
				E2CD09921CD60390009CA778 /* AppDelegate.swift in Sources */,
				E2BAB9BD1CE9EA0300156708 /* UICollectionViewFlowLayout+Extension.swift in Sources */,
				E2CD09AE1CD616E4009CA778 /* MovieListTableViewCell.swift in Sources */,
				E2BAB9BF1CE9EC9600156708 /* UICollectionView+Extension.swift in Sources */,
				E2BAB9BB1CE9E20200156708 /* CollectionMovieViewController.swift in Sources */,
				E2BAB9B71CE9E1A400156708 /* CollectionMovieView.swift in Sources */,
				E2AC89651CD996C400B40234 /* UINib+Extension.swift in Sources */,
				E2AC896C1CDAFA9100B40234 /* TakeMovieView.swift in Sources */,
				E2BAB9C31CE9F66200156708 /* MovieCollectionViewCell.swift in Sources */,
				E2AC89711CDB110200B40234 /* TakeMovieViewModel.swift in Sources */,
				E2CD09A71CD614A2009CA778 /* MovieListView.swift in Sources */,
			);
			runOnlyForDeploymentPostprocessing = 0;
		};
/* End PBXSourcesBuildPhase section */

/* Begin PBXVariantGroup section */
		E2CD09951CD60390009CA778 /* Main.storyboard */ = {
			isa = PBXVariantGroup;
			children = (
				E2CD09961CD60390009CA778 /* Base */,
			);
			name = Main.storyboard;
			sourceTree = "<group>";
		};
		E2CD099A1CD60390009CA778 /* LaunchScreen.storyboard */ = {
			isa = PBXVariantGroup;
			children = (
				E2CD099B1CD60390009CA778 /* Base */,
			);
			name = LaunchScreen.storyboard;
			sourceTree = "<group>";
		};
/* End PBXVariantGroup section */

/* Begin XCBuildConfiguration section */
		E2CD099E1CD60390009CA778 /* Debug */ = {
			isa = XCBuildConfiguration;
			buildSettings = {
				ALWAYS_SEARCH_USER_PATHS = NO;
				CLANG_ANALYZER_NONNULL = YES;
				CLANG_CXX_LANGUAGE_STANDARD = "gnu++0x";
				CLANG_CXX_LIBRARY = "libc++";
				CLANG_ENABLE_MODULES = YES;
				CLANG_ENABLE_OBJC_ARC = YES;
				CLANG_WARN_BOOL_CONVERSION = YES;
				CLANG_WARN_CONSTANT_CONVERSION = YES;
				CLANG_WARN_DIRECT_OBJC_ISA_USAGE = YES_ERROR;
				CLANG_WARN_EMPTY_BODY = YES;
				CLANG_WARN_ENUM_CONVERSION = YES;
				CLANG_WARN_INT_CONVERSION = YES;
				CLANG_WARN_OBJC_ROOT_CLASS = YES_ERROR;
				CLANG_WARN_UNREACHABLE_CODE = YES;
				CLANG_WARN__DUPLICATE_METHOD_MATCH = YES;
				"CODE_SIGN_IDENTITY[sdk=iphoneos*]" = "iPhone Developer";
				COPY_PHASE_STRIP = NO;
				DEBUG_INFORMATION_FORMAT = dwarf;
				ENABLE_STRICT_OBJC_MSGSEND = YES;
				ENABLE_TESTABILITY = YES;
				GCC_C_LANGUAGE_STANDARD = gnu99;
				GCC_DYNAMIC_NO_PIC = NO;
				GCC_NO_COMMON_BLOCKS = YES;
				GCC_OPTIMIZATION_LEVEL = 0;
				GCC_PREPROCESSOR_DEFINITIONS = (
					"DEBUG=1",
					"$(inherited)",
				);
				GCC_WARN_64_TO_32_BIT_CONVERSION = YES;
				GCC_WARN_ABOUT_RETURN_TYPE = YES_ERROR;
				GCC_WARN_UNDECLARED_SELECTOR = YES;
				GCC_WARN_UNINITIALIZED_AUTOS = YES_AGGRESSIVE;
				GCC_WARN_UNUSED_FUNCTION = YES;
				GCC_WARN_UNUSED_VARIABLE = YES;
				IPHONEOS_DEPLOYMENT_TARGET = 9.3;
				MTL_ENABLE_DEBUG_INFO = YES;
				ONLY_ACTIVE_ARCH = YES;
				SDKROOT = iphoneos;
				SWIFT_OPTIMIZATION_LEVEL = "-Onone";
			};
			name = Debug;
		};
		E2CD099F1CD60390009CA778 /* Release */ = {
			isa = XCBuildConfiguration;
			buildSettings = {
				ALWAYS_SEARCH_USER_PATHS = NO;
				CLANG_ANALYZER_NONNULL = YES;
				CLANG_CXX_LANGUAGE_STANDARD = "gnu++0x";
				CLANG_CXX_LIBRARY = "libc++";
				CLANG_ENABLE_MODULES = YES;
				CLANG_ENABLE_OBJC_ARC = YES;
				CLANG_WARN_BOOL_CONVERSION = YES;
				CLANG_WARN_CONSTANT_CONVERSION = YES;
				CLANG_WARN_DIRECT_OBJC_ISA_USAGE = YES_ERROR;
				CLANG_WARN_EMPTY_BODY = YES;
				CLANG_WARN_ENUM_CONVERSION = YES;
				CLANG_WARN_INT_CONVERSION = YES;
				CLANG_WARN_OBJC_ROOT_CLASS = YES_ERROR;
				CLANG_WARN_UNREACHABLE_CODE = YES;
				CLANG_WARN__DUPLICATE_METHOD_MATCH = YES;
				"CODE_SIGN_IDENTITY[sdk=iphoneos*]" = "iPhone Developer";
				COPY_PHASE_STRIP = NO;
				DEBUG_INFORMATION_FORMAT = "dwarf-with-dsym";
				ENABLE_NS_ASSERTIONS = NO;
				ENABLE_STRICT_OBJC_MSGSEND = YES;
				GCC_C_LANGUAGE_STANDARD = gnu99;
				GCC_NO_COMMON_BLOCKS = YES;
				GCC_WARN_64_TO_32_BIT_CONVERSION = YES;
				GCC_WARN_ABOUT_RETURN_TYPE = YES_ERROR;
				GCC_WARN_UNDECLARED_SELECTOR = YES;
				GCC_WARN_UNINITIALIZED_AUTOS = YES_AGGRESSIVE;
				GCC_WARN_UNUSED_FUNCTION = YES;
				GCC_WARN_UNUSED_VARIABLE = YES;
				IPHONEOS_DEPLOYMENT_TARGET = 9.3;
				MTL_ENABLE_DEBUG_INFO = NO;
				SDKROOT = iphoneos;
				VALIDATE_PRODUCT = YES;
			};
			name = Release;
		};
		E2CD09A11CD60390009CA778 /* Debug */ = {
			isa = XCBuildConfiguration;
			buildSettings = {
				ASSETCATALOG_COMPILER_APPICON_NAME = AppIcon;
				INFOPLIST_FILE = Movitter/Info.plist;
				IPHONEOS_DEPLOYMENT_TARGET = 9.3;
				LD_RUNPATH_SEARCH_PATHS = "$(inherited) @executable_path/Frameworks";
				PRODUCT_BUNDLE_IDENTIFIER = com.seokyohei.Movitter;
				PRODUCT_NAME = "$(TARGET_NAME)";
			};
			name = Debug;
		};
		E2CD09A21CD60390009CA778 /* Release */ = {
			isa = XCBuildConfiguration;
			buildSettings = {
				ASSETCATALOG_COMPILER_APPICON_NAME = AppIcon;
				INFOPLIST_FILE = Movitter/Info.plist;
				IPHONEOS_DEPLOYMENT_TARGET = 9.3;
				LD_RUNPATH_SEARCH_PATHS = "$(inherited) @executable_path/Frameworks";
				PRODUCT_BUNDLE_IDENTIFIER = com.seokyohei.Movitter;
				PRODUCT_NAME = "$(TARGET_NAME)";
			};
			name = Release;
		};
/* End XCBuildConfiguration section */

/* Begin XCConfigurationList section */
		E2CD09891CD60390009CA778 /* Build configuration list for PBXProject "Movitter" */ = {
			isa = XCConfigurationList;
			buildConfigurations = (
				E2CD099E1CD60390009CA778 /* Debug */,
				E2CD099F1CD60390009CA778 /* Release */,
			);
			defaultConfigurationIsVisible = 0;
			defaultConfigurationName = Release;
		};
		E2CD09A01CD60390009CA778 /* Build configuration list for PBXNativeTarget "Movitter" */ = {
			isa = XCConfigurationList;
			buildConfigurations = (
				E2CD09A11CD60390009CA778 /* Debug */,
				E2CD09A21CD60390009CA778 /* Release */,
			);
			defaultConfigurationIsVisible = 0;
			defaultConfigurationName = Release;
		};
/* End XCConfigurationList section */
	};
	rootObject = E2CD09861CD60390009CA778 /* Project object */;
}
